
Microsoft Visual Studio Solution File, Format Version 12.00
# Visual Studio Version 17
VisualStudioVersion = 17.6.33801.468
MinimumVisualStudioVersion = 10.0.40219.1
Project("{2150E333-8FDC-42A3-9474-1A3956D46DE8}") = "ms.users", "ms.users", "{76678661-56C2-4532-AF96-416F125C1204}"
EndProject
Project("{9A19103F-16F7-4668-BE54-9A1E7A4F7556}") = "ms.users.api", "ms.users\ms.users.api\ms.users.api.csproj", "{4941DAA6-7430-4219-B5DF-A43508CC7B90}"
EndProject
Project("{9A19103F-16F7-4668-BE54-9A1E7A4F7556}") = "ms.users.application", "ms.users\ms.users.application\ms.users.application.csproj", "{41D0AC0D-DEAB-4932-B79B-BB944F906758}"
EndProject
Project("{9A19103F-16F7-4668-BE54-9A1E7A4F7556}") = "ms.users.domain", "ms.users\ms.users.domain\ms.users.domain.csproj", "{C40FB034-41B2-4911-833B-706CE00E908C}"
EndProject
Project("{9A19103F-16F7-4668-BE54-9A1E7A4F7556}") = "ms.users.infrastructure", "ms.users\ms.users.infrastructure\ms.users.infrastructure.csproj", "{84E23162-F587-4DA1-BEDF-9FC3871039AE}"
EndProject
Project("{E53339B2-1760-4266-BCC7-CA923CBCF16C}") = "docker-compose", "docker-compose.dcproj", "{0B998616-B8F5-44BD-BD65-28A0C757169A}"
EndProject
Global
	GlobalSection(SolutionConfigurationPlatforms) = preSolution
		Debug|Any CPU = Debug|Any CPU
		Release|Any CPU = Release|Any CPU
	EndGlobalSection
	GlobalSection(ProjectConfigurationPlatforms) = postSolution
		{4941DAA6-7430-4219-B5DF-A43508CC7B90}.Debug|Any CPU.ActiveCfg = Debug|Any CPU
		{4941DAA6-7430-4219-B5DF-A43508CC7B90}.Debug|Any CPU.Build.0 = Debug|Any CPU
		{4941DAA6-7430-4219-B5DF-A43508CC7B90}.Release|Any CPU.ActiveCfg = Release|Any CPU
		{4941DAA6-7430-4219-B5DF-A43508CC7B90}.Release|Any CPU.Build.0 = Release|Any CPU
		{41D0AC0D-DEAB-4932-B79B-BB944F906758}.Debug|Any CPU.ActiveCfg = Debug|Any CPU
		{41D0AC0D-DEAB-4932-B79B-BB944F906758}.Debug|Any CPU.Build.0 = Debug|Any CPU
		{41D0AC0D-DEAB-4932-B79B-BB944F906758}.Release|Any CPU.ActiveCfg = Release|Any CPU
		{41D0AC0D-DEAB-4932-B79B-BB944F906758}.Release|Any CPU.Build.0 = Release|Any CPU
		{C40FB034-41B2-4911-833B-706CE00E908C}.Debug|Any CPU.ActiveCfg = Debug|Any CPU
		{C40FB034-41B2-4911-833B-706CE00E908C}.Debug|Any CPU.Build.0 = Debug|Any CPU
		{C40FB034-41B2-4911-833B-706CE00E908C}.Release|Any CPU.ActiveCfg = Release|Any CPU
		{C40FB034-41B2-4911-833B-706CE00E908C}.Release|Any CPU.Build.0 = Release|Any CPU
		{84E23162-F587-4DA1-BEDF-9FC3871039AE}.Debug|Any CPU.ActiveCfg = Debug|Any CPU
		{84E23162-F587-4DA1-BEDF-9FC3871039AE}.Debug|Any CPU.Build.0 = Debug|Any CPU
		{84E23162-F587-4DA1-BEDF-9FC3871039AE}.Release|Any CPU.ActiveCfg = Release|Any CPU
		{84E23162-F587-4DA1-BEDF-9FC3871039AE}.Release|Any CPU.Build.0 = Release|Any CPU
		{0B998616-B8F5-44BD-BD65-28A0C757169A}.Debug|Any CPU.ActiveCfg = Debug|Any CPU
		{0B998616-B8F5-44BD-BD65-28A0C757169A}.Debug|Any CPU.Build.0 = Debug|Any CPU
		{0B998616-B8F5-44BD-BD65-28A0C757169A}.Release|Any CPU.ActiveCfg = Release|Any CPU
		{0B998616-B8F5-44BD-BD65-28A0C757169A}.Release|Any CPU.Build.0 = Release|Any CPU
	EndGlobalSection
	GlobalSection(SolutionProperties) = preSolution
		HideSolutionNode = FALSE
	EndGlobalSection
	GlobalSection(NestedProjects) = preSolution
		{4941DAA6-7430-4219-B5DF-A43508CC7B90} = {76678661-56C2-4532-AF96-416F125C1204}
		{41D0AC0D-DEAB-4932-B79B-BB944F906758} = {76678661-56C2-4532-AF96-416F125C1204}
		{C40FB034-41B2-4911-833B-706CE00E908C} = {76678661-56C2-4532-AF96-416F125C1204}
		{84E23162-F587-4DA1-BEDF-9FC3871039AE} = {76678661-56C2-4532-AF96-416F125C1204}
	EndGlobalSection
	GlobalSection(ExtensibilityGlobals) = postSolution
		SolutionGuid = {1E8ED46A-41FC-4FD5-A910-3B00EAB126A2}
	EndGlobalSection
EndGlobal
