
Microsoft Visual Studio Solution File, Format Version 12.00
# Visual Studio Version 17
VisualStudioVersion = 17.6.33801.468
MinimumVisualStudioVersion = 10.0.40219.1
Project("{2150E333-8FDC-42A3-9474-1A3956D46DE8}") = "ms.users", "ms.users", "{76678661-56C2-4532-AF96-416F125C1204}"
EndProject
Project("{9A19103F-16F7-4668-BE54-9A1E7A4F7556}") = "ms.users.api", "ms.users\ms.users.api\ms.users.api.csproj", "{4941DAA6-7430-4219-B5DF-A43508CC7B90}"
EndProject
Project("{9A19103F-16F7-4668-BE54-9A1E7A4F7556}") = "ms.users.application", "ms.users\ms.users.application\ms.users.application.csproj", "{41D0AC0D-DEAB-4932-B79B-BB944F906758}"
EndProject
Project("{9A19103F-16F7-4668-BE54-9A1E7A4F7556}") = "ms.users.domain", "ms.users\ms.users.domain\ms.users.domain.csproj", "{C40FB034-41B2-4911-833B-706CE00E908C}"
EndProject
Project("{9A19103F-16F7-4668-BE54-9A1E7A4F7556}") = "ms.users.infrastructure", "ms.users\ms.users.infrastructure\ms.users.infrastructure.csproj", "{84E23162-F587-4DA1-BEDF-9FC3871039AE}"
EndProject
Project("{E53339B2-1760-4266-BCC7-CA923CBCF16C}") = "docker-compose", "docker-compose.dcproj", "{0B998616-B8F5-44BD-BD65-28A0C757169A}"
EndProject
Project("{2150E333-8FDC-42A3-9474-1A3956D46DE8}") = "ms.employees", "ms.employees", "{402E29BD-1852-48EB-8398-D34D21A2822A}"
EndProject
Project("{9A19103F-16F7-4668-BE54-9A1E7A4F7556}") = "ms.employees.api", "ms.employees\ms.employees.api\ms.employees.api.csproj", "{5BA6377A-E61E-41B7-968B-D9350F8A0490}"
EndProject
Project("{9A19103F-16F7-4668-BE54-9A1E7A4F7556}") = "ms.employees.application", "ms.employees\ms.employees.application\ms.employees.application.csproj", "{E9B5AC47-AA54-4A34-9EEF-84D2854F3D08}"
EndProject
Project("{9A19103F-16F7-4668-BE54-9A1E7A4F7556}") = "ms.employees.domain", "ms.employees\ms.employees.domain\ms.employees.domain.csproj", "{9C8B7CC7-4F7C-4345-A011-8B9C5FB0BA21}"
EndProject
Project("{9A19103F-16F7-4668-BE54-9A1E7A4F7556}") = "ms.employees.infrastructure", "ms.employees\ms.employees.infrastructure\ms.employees.infrastructure.csproj", "{A971CCF6-647C-41DD-B59D-97DBFF17CB82}"
EndProject
Project("{2150E333-8FDC-42A3-9474-1A3956D46DE8}") = "ms.attendances", "ms.attendances", "{D04DE069-AFC9-4C3F-B185-470C5EA93240}"
EndProject
Project("{9A19103F-16F7-4668-BE54-9A1E7A4F7556}") = "ms.attendances.api", "ms.attendances\ms.attendances.api\ms.attendances.api.csproj", "{30073090-A7B7-4149-8DB2-4D9C7E187881}"
EndProject
Project("{9A19103F-16F7-4668-BE54-9A1E7A4F7556}") = "ms.attendances.application", "ms.attendances\ms.attendances.application\ms.attendances.application.csproj", "{7E2FF110-A4DF-4CF7-8349-9F360DF59E3A}"
EndProject
Project("{9A19103F-16F7-4668-BE54-9A1E7A4F7556}") = "ms.attendances.domain", "ms.attendances\ms.attendances.domain\ms.attendances.domain.csproj", "{3DC50875-5DD4-453D-8C62-57C14803CD46}"
EndProject
Project("{9A19103F-16F7-4668-BE54-9A1E7A4F7556}") = "ms.attendances.infrastructure", "ms.attendances\ms.attendances.infrastructure\ms.attendances.infrastructure.csproj", "{FB16D818-1DB5-4DD8-83D5-F8C189CEC0A6}"
EndProject
Project("{2150E333-8FDC-42A3-9474-1A3956D46DE8}") = "ms.communications", "ms.communications", "{EC69E5D1-B012-4CC0-8DC2-18B5C84D0C58}"
EndProject
Project("{FAE04EC0-301F-11D3-BF4B-00C04F79EFBC}") = "ms.rabbitmq", "ms.communications\ms.rabbitmq\ms.rabbitmq\ms.rabbitmq.csproj", "{5B2B356A-5066-4DC3-80FD-CFB95E52F768}"
EndProject
Global
	GlobalSection(SolutionConfigurationPlatforms) = preSolution
		Debug|Any CPU = Debug|Any CPU
		Release|Any CPU = Release|Any CPU
	EndGlobalSection
	GlobalSection(ProjectConfigurationPlatforms) = postSolution
		{4941DAA6-7430-4219-B5DF-A43508CC7B90}.Debug|Any CPU.ActiveCfg = Debug|Any CPU
		{4941DAA6-7430-4219-B5DF-A43508CC7B90}.Debug|Any CPU.Build.0 = Debug|Any CPU
		{4941DAA6-7430-4219-B5DF-A43508CC7B90}.Release|Any CPU.ActiveCfg = Release|Any CPU
		{4941DAA6-7430-4219-B5DF-A43508CC7B90}.Release|Any CPU.Build.0 = Release|Any CPU
		{41D0AC0D-DEAB-4932-B79B-BB944F906758}.Debug|Any CPU.ActiveCfg = Debug|Any CPU
		{41D0AC0D-DEAB-4932-B79B-BB944F906758}.Debug|Any CPU.Build.0 = Debug|Any CPU
		{41D0AC0D-DEAB-4932-B79B-BB944F906758}.Release|Any CPU.ActiveCfg = Release|Any CPU
		{41D0AC0D-DEAB-4932-B79B-BB944F906758}.Release|Any CPU.Build.0 = Release|Any CPU
		{C40FB034-41B2-4911-833B-706CE00E908C}.Debug|Any CPU.ActiveCfg = Debug|Any CPU
		{C40FB034-41B2-4911-833B-706CE00E908C}.Debug|Any CPU.Build.0 = Debug|Any CPU
		{C40FB034-41B2-4911-833B-706CE00E908C}.Release|Any CPU.ActiveCfg = Release|Any CPU
		{C40FB034-41B2-4911-833B-706CE00E908C}.Release|Any CPU.Build.0 = Release|Any CPU
		{84E23162-F587-4DA1-BEDF-9FC3871039AE}.Debug|Any CPU.ActiveCfg = Debug|Any CPU
		{84E23162-F587-4DA1-BEDF-9FC3871039AE}.Debug|Any CPU.Build.0 = Debug|Any CPU
		{84E23162-F587-4DA1-BEDF-9FC3871039AE}.Release|Any CPU.ActiveCfg = Release|Any CPU
		{84E23162-F587-4DA1-BEDF-9FC3871039AE}.Release|Any CPU.Build.0 = Release|Any CPU
		{0B998616-B8F5-44BD-BD65-28A0C757169A}.Debug|Any CPU.ActiveCfg = Debug|Any CPU
		{0B998616-B8F5-44BD-BD65-28A0C757169A}.Debug|Any CPU.Build.0 = Debug|Any CPU
		{0B998616-B8F5-44BD-BD65-28A0C757169A}.Release|Any CPU.ActiveCfg = Release|Any CPU
		{0B998616-B8F5-44BD-BD65-28A0C757169A}.Release|Any CPU.Build.0 = Release|Any CPU
		{5BA6377A-E61E-41B7-968B-D9350F8A0490}.Debug|Any CPU.ActiveCfg = Debug|Any CPU
		{5BA6377A-E61E-41B7-968B-D9350F8A0490}.Debug|Any CPU.Build.0 = Debug|Any CPU
		{5BA6377A-E61E-41B7-968B-D9350F8A0490}.Release|Any CPU.ActiveCfg = Release|Any CPU
		{5BA6377A-E61E-41B7-968B-D9350F8A0490}.Release|Any CPU.Build.0 = Release|Any CPU
		{E9B5AC47-AA54-4A34-9EEF-84D2854F3D08}.Debug|Any CPU.ActiveCfg = Debug|Any CPU
		{E9B5AC47-AA54-4A34-9EEF-84D2854F3D08}.Debug|Any CPU.Build.0 = Debug|Any CPU
		{E9B5AC47-AA54-4A34-9EEF-84D2854F3D08}.Release|Any CPU.ActiveCfg = Release|Any CPU
		{E9B5AC47-AA54-4A34-9EEF-84D2854F3D08}.Release|Any CPU.Build.0 = Release|Any CPU
		{9C8B7CC7-4F7C-4345-A011-8B9C5FB0BA21}.Debug|Any CPU.ActiveCfg = Debug|Any CPU
		{9C8B7CC7-4F7C-4345-A011-8B9C5FB0BA21}.Debug|Any CPU.Build.0 = Debug|Any CPU
		{9C8B7CC7-4F7C-4345-A011-8B9C5FB0BA21}.Release|Any CPU.ActiveCfg = Release|Any CPU
		{9C8B7CC7-4F7C-4345-A011-8B9C5FB0BA21}.Release|Any CPU.Build.0 = Release|Any CPU
		{A971CCF6-647C-41DD-B59D-97DBFF17CB82}.Debug|Any CPU.ActiveCfg = Debug|Any CPU
		{A971CCF6-647C-41DD-B59D-97DBFF17CB82}.Debug|Any CPU.Build.0 = Debug|Any CPU
		{A971CCF6-647C-41DD-B59D-97DBFF17CB82}.Release|Any CPU.ActiveCfg = Release|Any CPU
		{A971CCF6-647C-41DD-B59D-97DBFF17CB82}.Release|Any CPU.Build.0 = Release|Any CPU
		{30073090-A7B7-4149-8DB2-4D9C7E187881}.Debug|Any CPU.ActiveCfg = Debug|Any CPU
		{30073090-A7B7-4149-8DB2-4D9C7E187881}.Debug|Any CPU.Build.0 = Debug|Any CPU
		{30073090-A7B7-4149-8DB2-4D9C7E187881}.Release|Any CPU.ActiveCfg = Release|Any CPU
		{30073090-A7B7-4149-8DB2-4D9C7E187881}.Release|Any CPU.Build.0 = Release|Any CPU
		{7E2FF110-A4DF-4CF7-8349-9F360DF59E3A}.Debug|Any CPU.ActiveCfg = Debug|Any CPU
		{7E2FF110-A4DF-4CF7-8349-9F360DF59E3A}.Debug|Any CPU.Build.0 = Debug|Any CPU
		{7E2FF110-A4DF-4CF7-8349-9F360DF59E3A}.Release|Any CPU.ActiveCfg = Release|Any CPU
		{7E2FF110-A4DF-4CF7-8349-9F360DF59E3A}.Release|Any CPU.Build.0 = Release|Any CPU
		{3DC50875-5DD4-453D-8C62-57C14803CD46}.Debug|Any CPU.ActiveCfg = Debug|Any CPU
		{3DC50875-5DD4-453D-8C62-57C14803CD46}.Debug|Any CPU.Build.0 = Debug|Any CPU
		{3DC50875-5DD4-453D-8C62-57C14803CD46}.Release|Any CPU.ActiveCfg = Release|Any CPU
		{3DC50875-5DD4-453D-8C62-57C14803CD46}.Release|Any CPU.Build.0 = Release|Any CPU
		{FB16D818-1DB5-4DD8-83D5-F8C189CEC0A6}.Debug|Any CPU.ActiveCfg = Debug|Any CPU
		{FB16D818-1DB5-4DD8-83D5-F8C189CEC0A6}.Debug|Any CPU.Build.0 = Debug|Any CPU
		{FB16D818-1DB5-4DD8-83D5-F8C189CEC0A6}.Release|Any CPU.ActiveCfg = Release|Any CPU
		{FB16D818-1DB5-4DD8-83D5-F8C189CEC0A6}.Release|Any CPU.Build.0 = Release|Any CPU
		{5B2B356A-5066-4DC3-80FD-CFB95E52F768}.Debug|Any CPU.ActiveCfg = Debug|Any CPU
		{5B2B356A-5066-4DC3-80FD-CFB95E52F768}.Debug|Any CPU.Build.0 = Debug|Any CPU
		{5B2B356A-5066-4DC3-80FD-CFB95E52F768}.Release|Any CPU.ActiveCfg = Release|Any CPU
		{5B2B356A-5066-4DC3-80FD-CFB95E52F768}.Release|Any CPU.Build.0 = Release|Any CPU
	EndGlobalSection
	GlobalSection(SolutionProperties) = preSolution
		HideSolutionNode = FALSE
	EndGlobalSection
	GlobalSection(NestedProjects) = preSolution
		{4941DAA6-7430-4219-B5DF-A43508CC7B90} = {76678661-56C2-4532-AF96-416F125C1204}
		{41D0AC0D-DEAB-4932-B79B-BB944F906758} = {76678661-56C2-4532-AF96-416F125C1204}
		{C40FB034-41B2-4911-833B-706CE00E908C} = {76678661-56C2-4532-AF96-416F125C1204}
		{84E23162-F587-4DA1-BEDF-9FC3871039AE} = {76678661-56C2-4532-AF96-416F125C1204}
		{5BA6377A-E61E-41B7-968B-D9350F8A0490} = {402E29BD-1852-48EB-8398-D34D21A2822A}
		{E9B5AC47-AA54-4A34-9EEF-84D2854F3D08} = {402E29BD-1852-48EB-8398-D34D21A2822A}
		{9C8B7CC7-4F7C-4345-A011-8B9C5FB0BA21} = {402E29BD-1852-48EB-8398-D34D21A2822A}
		{A971CCF6-647C-41DD-B59D-97DBFF17CB82} = {402E29BD-1852-48EB-8398-D34D21A2822A}
		{30073090-A7B7-4149-8DB2-4D9C7E187881} = {D04DE069-AFC9-4C3F-B185-470C5EA93240}
		{7E2FF110-A4DF-4CF7-8349-9F360DF59E3A} = {D04DE069-AFC9-4C3F-B185-470C5EA93240}
		{3DC50875-5DD4-453D-8C62-57C14803CD46} = {D04DE069-AFC9-4C3F-B185-470C5EA93240}
		{FB16D818-1DB5-4DD8-83D5-F8C189CEC0A6} = {D04DE069-AFC9-4C3F-B185-470C5EA93240}
		{5B2B356A-5066-4DC3-80FD-CFB95E52F768} = {EC69E5D1-B012-4CC0-8DC2-18B5C84D0C58}
	EndGlobalSection
	GlobalSection(ExtensibilityGlobals) = postSolution
		SolutionGuid = {1E8ED46A-41FC-4FD5-A910-3B00EAB126A2}
	EndGlobalSection
EndGlobal
